
Microsoft Visual Studio Solution File, Format Version 12.00
# Visual Studio 2012
Project("{FAE04EC0-301F-11D3-BF4B-00C04F79EFBC}") = "IKEAPDFPArser", "IKEAPDFPArser\IKEAPDFPArser.csproj", "{476C9703-C2C8-4C9E-BB8D-820B52FF823E}"
EndProject
Project("{FAE04EC0-301F-11D3-BF4B-00C04F79EFBC}") = "Run", "Run\Run.csproj", "{B88EC9E7-CE58-4BF9-9356-679A5180BF95}"
EndProject
Global
	GlobalSection(SolutionConfigurationPlatforms) = preSolution
		Debug|Any CPU = Debug|Any CPU
		Release|Any CPU = Release|Any CPU
	EndGlobalSection
	GlobalSection(ProjectConfigurationPlatforms) = postSolution
		{476C9703-C2C8-4C9E-BB8D-820B52FF823E}.Debug|Any CPU.ActiveCfg = Debug|Any CPU
		{476C9703-C2C8-4C9E-BB8D-820B52FF823E}.Debug|Any CPU.Build.0 = Debug|Any CPU
		{476C9703-C2C8-4C9E-BB8D-820B52FF823E}.Release|Any CPU.ActiveCfg = Release|Any CPU
		{476C9703-C2C8-4C9E-BB8D-820B52FF823E}.Release|Any CPU.Build.0 = Release|Any CPU
		{B88EC9E7-CE58-4BF9-9356-679A5180BF95}.Debug|Any CPU.ActiveCfg = Debug|Any CPU
		{B88EC9E7-CE58-4BF9-9356-679A5180BF95}.Debug|Any CPU.Build.0 = Debug|Any CPU
		{B88EC9E7-CE58-4BF9-9356-679A5180BF95}.Release|Any CPU.ActiveCfg = Release|Any CPU
		{B88EC9E7-CE58-4BF9-9356-679A5180BF95}.Release|Any CPU.Build.0 = Release|Any CPU
	EndGlobalSection
	GlobalSection(SolutionProperties) = preSolution
		HideSolutionNode = FALSE
	EndGlobalSection
EndGlobal
